{
  "name": "nodejs-task2",
  "version": "1.0.0",
  "lockfileVersion": 3,
  "requires": true,
  "packages": {
    "": {
      "name": "nodejs-task2",
      "version": "1.0.0",
      "license": "ISC",
      "dependencies": {
        "nodejs-task1": "^1.0.2"
      }
    },
    "node_modules/nodejs-task1": {
      "version": "1.0.2",
      "resolved": "https://registry.npmjs.org/nodejs-task1/-/nodejs-task1-1.0.2.tgz",
      "integrity": "sha512-FM658yOPWAQXavAl4stb6BEBocR18fEq5SskiEORRCEMNYA0JMvKgd2Vz3F5RbkRHYCW/R3GA+dD0JRarg1ddQ=="
    }
  }
}
